
Microsoft Visual Studio Solution File, Format Version 12.00
# Visual Studio Version 16
VisualStudioVersion = 16.0.30517.126
MinimumVisualStudioVersion = 10.0.40219.1
Project("{FAE04EC0-301F-11D3-BF4B-00C04F79EFBC}") = "ControlePontos", "ControlePontos\ControlePontos.csproj", "{180C0250-02C7-4111-96FC-2EBDD47B11FE}"
EndProject
Global
	GlobalSection(SolutionConfigurationPlatforms) = preSolution
		Debug|Any CPU = Debug|Any CPU
		Release|Any CPU = Release|Any CPU
	EndGlobalSection
	GlobalSection(ProjectConfigurationPlatforms) = postSolution
		{180C0250-02C7-4111-96FC-2EBDD47B11FE}.Debug|Any CPU.ActiveCfg = Debug|Any CPU
		{180C0250-02C7-4111-96FC-2EBDD47B11FE}.Debug|Any CPU.Build.0 = Debug|Any CPU
		{180C0250-02C7-4111-96FC-2EBDD47B11FE}.Release|Any CPU.ActiveCfg = Release|Any CPU
		{180C0250-02C7-4111-96FC-2EBDD47B11FE}.Release|Any CPU.Build.0 = Release|Any CPU
	EndGlobalSection
	GlobalSection(SolutionProperties) = preSolution
		HideSolutionNode = FALSE
	EndGlobalSection
	GlobalSection(ExtensibilityGlobals) = postSolution
		SolutionGuid = {968D8B5F-4602-45E6-9D40-66F01B284A25}
	EndGlobalSection
EndGlobal
